
Microsoft Visual Studio Solution File, Format Version 12.00
# Visual Studio Version 16
VisualStudioVersion = 16.0.31702.278
MinimumVisualStudioVersion = 10.0.40219.1
Project("{9A19103F-16F7-4668-BE54-9A1E7A4F7556}") = "TrackerLibrary", "TrackerLibrary\TrackerLibrary.csproj", "{3DCEA2AE-427A-4E6D-93A7-79DF4E575232}"
EndProject
Project("{FAE04EC0-301F-11D3-BF4B-00C04F79EFBC}") = "TrackerUI", "TrackerUI\TrackerUI.csproj", "{2A3E5BB9-8467-4D9E-8445-B20798ABE13A}"
EndProject
Global
	GlobalSection(SolutionConfigurationPlatforms) = preSolution
		Debug|Any CPU = Debug|Any CPU
		Release|Any CPU = Release|Any CPU
	EndGlobalSection
	GlobalSection(ProjectConfigurationPlatforms) = postSolution
		{3DCEA2AE-427A-4E6D-93A7-79DF4E575232}.Debug|Any CPU.ActiveCfg = Debug|Any CPU
		{3DCEA2AE-427A-4E6D-93A7-79DF4E575232}.Debug|Any CPU.Build.0 = Debug|Any CPU
		{3DCEA2AE-427A-4E6D-93A7-79DF4E575232}.Release|Any CPU.ActiveCfg = Release|Any CPU
		{3DCEA2AE-427A-4E6D-93A7-79DF4E575232}.Release|Any CPU.Build.0 = Release|Any CPU
		{2A3E5BB9-8467-4D9E-8445-B20798ABE13A}.Debug|Any CPU.ActiveCfg = Debug|Any CPU
		{2A3E5BB9-8467-4D9E-8445-B20798ABE13A}.Debug|Any CPU.Build.0 = Debug|Any CPU
		{2A3E5BB9-8467-4D9E-8445-B20798ABE13A}.Release|Any CPU.ActiveCfg = Release|Any CPU
		{2A3E5BB9-8467-4D9E-8445-B20798ABE13A}.Release|Any CPU.Build.0 = Release|Any CPU
	EndGlobalSection
	GlobalSection(SolutionProperties) = preSolution
		HideSolutionNode = FALSE
	EndGlobalSection
	GlobalSection(ExtensibilityGlobals) = postSolution
		SolutionGuid = {65C57AB7-9F20-4519-B4B1-142DEBE7623B}
	EndGlobalSection
EndGlobal
